
Microsoft Visual Studio Solution File, Format Version 12.00
# Visual Studio Version 17
VisualStudioVersion = 17.5.33414.496
MinimumVisualStudioVersion = 10.0.40219.1
Project("{9A19103F-16F7-4668-BE54-9A1E7A4F7556}") = "DemoSqlClient", "DemoSqlClient\DemoSqlClient.csproj", "{3763CD32-5197-49F5-8133-E59D95D70662}"
EndProject
Project("{FAE04EC0-301F-11D3-BF4B-00C04F79EFBC}") = "IntegrationTest", "IntegrationTest\IntegrationTest.csproj", "{C046D2FE-5B72-49B0-862B-E4BA2DB19122}"
EndProject
Global
	GlobalSection(SolutionConfigurationPlatforms) = preSolution
		Debug|Any CPU = Debug|Any CPU
		Release|Any CPU = Release|Any CPU
	EndGlobalSection
	GlobalSection(ProjectConfigurationPlatforms) = postSolution
		{3763CD32-5197-49F5-8133-E59D95D70662}.Debug|Any CPU.ActiveCfg = Debug|Any CPU
		{3763CD32-5197-49F5-8133-E59D95D70662}.Debug|Any CPU.Build.0 = Debug|Any CPU
		{3763CD32-5197-49F5-8133-E59D95D70662}.Release|Any CPU.ActiveCfg = Release|Any CPU
		{3763CD32-5197-49F5-8133-E59D95D70662}.Release|Any CPU.Build.0 = Release|Any CPU
		{C046D2FE-5B72-49B0-862B-E4BA2DB19122}.Debug|Any CPU.ActiveCfg = Debug|Any CPU
		{C046D2FE-5B72-49B0-862B-E4BA2DB19122}.Debug|Any CPU.Build.0 = Debug|Any CPU
		{C046D2FE-5B72-49B0-862B-E4BA2DB19122}.Release|Any CPU.ActiveCfg = Release|Any CPU
		{C046D2FE-5B72-49B0-862B-E4BA2DB19122}.Release|Any CPU.Build.0 = Release|Any CPU
	EndGlobalSection
	GlobalSection(SolutionProperties) = preSolution
		HideSolutionNode = FALSE
	EndGlobalSection
	GlobalSection(ExtensibilityGlobals) = postSolution
		SolutionGuid = {A5FE277E-9E62-4D38-8AEE-56A9237D6718}
	EndGlobalSection
EndGlobal
